
Microsoft Visual Studio Solution File, Format Version 12.00
# Visual Studio 15
VisualStudioVersion = 15.0.28010.2003
MinimumVisualStudioVersion = 10.0.40219.1
Project("{FAE04EC0-301F-11D3-BF4B-00C04F79EFBC}") = "DemoIdentityServerFullFramework", "DemoIdentityServerFullFramework\DemoIdentityServerFullFramework.csproj", "{2110E349-FEB0-4EC8-9570-ACAA59D9EF07}"
EndProject
Global
	GlobalSection(SolutionConfigurationPlatforms) = preSolution
		Debug|Any CPU = Debug|Any CPU
		Release|Any CPU = Release|Any CPU
	EndGlobalSection
	GlobalSection(ProjectConfigurationPlatforms) = postSolution
		{2110E349-FEB0-4EC8-9570-ACAA59D9EF07}.Debug|Any CPU.ActiveCfg = Debug|Any CPU
		{2110E349-FEB0-4EC8-9570-ACAA59D9EF07}.Debug|Any CPU.Build.0 = Debug|Any CPU
		{2110E349-FEB0-4EC8-9570-ACAA59D9EF07}.Release|Any CPU.ActiveCfg = Release|Any CPU
		{2110E349-FEB0-4EC8-9570-ACAA59D9EF07}.Release|Any CPU.Build.0 = Release|Any CPU
	EndGlobalSection
	GlobalSection(SolutionProperties) = preSolution
		HideSolutionNode = FALSE
	EndGlobalSection
	GlobalSection(ExtensibilityGlobals) = postSolution
		SolutionGuid = {945F3C17-22A6-4CDA-8994-706AD8BA39B6}
	EndGlobalSection
EndGlobal
